{
  "name": "typescriptt",
  "version": "1.0.0",
  "lockfileVersion": 2,
  "requires": true,
  "packages": {
    "": {
      "name": "typescriptt",
      "version": "1.0.0",
      "license": "MIT",
      "dependencies": {
        "@types/node": "^17.0.21",
        "i32": "^1.0.4"
      }
    },
    "node_modules/@softwareventures/array": {
      "version": "5.0.1",
      "resolved": "https://registry.npmjs.org/@softwareventures/array/-/array-5.0.1.tgz",
      "integrity": "sha512-xvg0Oc0Cx9ENukNbtv2/zSOqOZ6qkF4KJ1CKfO+M7SWfn8j25znUwvNq+nOrZfOqlU93WRN35IO0rIIzxbL3bw==",
      "dependencies": {
        "@softwareventures/nullable": "^1.0.0 || ^1.0.0 || ^1.2.1 || ^2.0.0",
        "@softwareventures/ordered": "^0.2.0 || ^1.0.0",
        "tslib": "^2.0.0"
      },
      "engines": {
        "node": "^12 || ^14 || ^16 || >=17"
      }
    },
    "node_modules/@softwareventures/nullable": {
      "version": "2.0.0",
      "resolved": "https://registry.npmjs.org/@softwareventures/nullable/-/nullable-2.0.0.tgz",
      "integrity": "sha512-zx+FMgB4MqmqIiCglgP8GZIYPw57yFBuz/jh0kXNAoEtSRl3LkwhaGG0b/y5yae2RsYSaVkNotQaSmJRt5GahA==",
      "dependencies": {
        "tslib": "2.3.0"
      },
      "engines": {
        "node": "^12 || ^14 || >=16"
      }
    },
    "node_modules/@softwareventures/nullable/node_modules/tslib": {
      "version": "2.3.0",
      "resolved": "https://registry.npmjs.org/tslib/-/tslib-2.3.0.tgz",
      "integrity": "sha512-N82ooyxVNm6h1riLCoyS9e3fuJ3AMG2zIZs2Gd1ATcSFjSA23Q0fzjjZeh0jbJvWVDZ0cJT8yaNNaaXHzueNjg=="
    },
    "node_modules/@softwareventures/ordered": {
      "version": "1.0.0",
      "resolved": "https://registry.npmjs.org/@softwareventures/ordered/-/ordered-1.0.0.tgz",
      "integrity": "sha512-SUFUYDWEPAS54LpGH+mRHwkGuTINPDt4OOS3h/Zr9f12JPFz2cqh6Xxwg75BZqwaeONuUwmklJVMRmgvxSSkPA==",
      "dependencies": {
        "tslib": "^1.9.3 || ^2.0.0 || ^2.1.0"
      },
      "engines": {
        "node": "^12 || ^14 || >=16"
      }
    },
    "node_modules/@types/imul": {
      "version": "1.0.0",
      "resolved": "https://registry.npmjs.org/@types/imul/-/imul-1.0.0.tgz",
      "integrity": "sha512-GcRYdDviNuBikASKNZtc07Yp2XrZnc20/K6GK0EzVe1VzVr974/WIpkh7vIjjSBqnJ3Ei8KWOHEAppx3Hsu+jg=="
    },
    "node_modules/@types/node": {
      "version": "17.0.21",
      "resolved": "https://registry.npmjs.org/@types/node/-/node-17.0.21.tgz",
      "integrity": "sha512-DBZCJbhII3r90XbQxI8Y9IjjiiOGlZ0Hr32omXIZvwwZ7p4DMMXGrKXVyPfuoBOri9XNtL0UK69jYIBIsRX3QQ=="
    },
    "node_modules/i32": {
      "version": "1.0.4",
      "resolved": "https://registry.npmjs.org/i32/-/i32-1.0.4.tgz",
      "integrity": "sha512-sSAnsruCf9h6yd6q5OCwSp9bLkKgbcY3tl40ZC3NXhol/T9GnYRpHePloiBBrXTDPx1cA0Yd7XPGIXIvxKTABw==",
      "dependencies": {
        "@softwareventures/array": "^0.31.0 || ^0.33.0 || ^2.0.0 || ^3.0.0 || ^4.0.0 || ^5.0.0",
        "@types/imul": "^1.0.0",
        "imul": "^1.0.1",
        "tslib": "2.3.1"
      },
      "engines": {
        "node": "^12 || ^14 || >=16"
      }
    },
    "node_modules/imul": {
      "version": "1.0.1",
      "resolved": "https://registry.npmjs.org/imul/-/imul-1.0.1.tgz",
      "integrity": "sha1-nVhnFh6LPelsLDjV3HyxAvNeKsk=",
      "engines": {
        "node": ">=0.10.0"
      }
    },
    "node_modules/tslib": {
      "version": "2.3.1",
      "resolved": "https://registry.npmjs.org/tslib/-/tslib-2.3.1.tgz",
      "integrity": "sha512-77EbyPPpMz+FRFRuAFlWMtmgUWGe9UOG2Z25NqCwiIjRhOf5iKGuzSe5P2w1laq+FkRy4p+PCuVkJSGkzTEKVw=="
    }
  },
  "dependencies": {
    "@softwareventures/array": {
      "version": "5.0.1",
      "resolved": "https://registry.npmjs.org/@softwareventures/array/-/array-5.0.1.tgz",
      "integrity": "sha512-xvg0Oc0Cx9ENukNbtv2/zSOqOZ6qkF4KJ1CKfO+M7SWfn8j25znUwvNq+nOrZfOqlU93WRN35IO0rIIzxbL3bw==",
      "requires": {
        "@softwareventures/nullable": "^1.0.0 || ^1.0.0 || ^1.2.1 || ^2.0.0",
        "@softwareventures/ordered": "^0.2.0 || ^1.0.0",
        "tslib": "^2.0.0"
      }
    },
    "@softwareventures/nullable": {
      "version": "2.0.0",
      "resolved": "https://registry.npmjs.org/@softwareventures/nullable/-/nullable-2.0.0.tgz",
      "integrity": "sha512-zx+FMgB4MqmqIiCglgP8GZIYPw57yFBuz/jh0kXNAoEtSRl3LkwhaGG0b/y5yae2RsYSaVkNotQaSmJRt5GahA==",
      "requires": {
        "tslib": "2.3.0"
      },
      "dependencies": {
        "tslib": {
          "version": "2.3.0",
          "resolved": "https://registry.npmjs.org/tslib/-/tslib-2.3.0.tgz",
          "integrity": "sha512-N82ooyxVNm6h1riLCoyS9e3fuJ3AMG2zIZs2Gd1ATcSFjSA23Q0fzjjZeh0jbJvWVDZ0cJT8yaNNaaXHzueNjg=="
        }
      }
    },
    "@softwareventures/ordered": {
      "version": "1.0.0",
      "resolved": "https://registry.npmjs.org/@softwareventures/ordered/-/ordered-1.0.0.tgz",
      "integrity": "sha512-SUFUYDWEPAS54LpGH+mRHwkGuTINPDt4OOS3h/Zr9f12JPFz2cqh6Xxwg75BZqwaeONuUwmklJVMRmgvxSSkPA==",
      "requires": {
        "tslib": "^1.9.3 || ^2.0.0 || ^2.1.0"
      }
    },
    "@types/imul": {
      "version": "1.0.0",
      "resolved": "https://registry.npmjs.org/@types/imul/-/imul-1.0.0.tgz",
      "integrity": "sha512-GcRYdDviNuBikASKNZtc07Yp2XrZnc20/K6GK0EzVe1VzVr974/WIpkh7vIjjSBqnJ3Ei8KWOHEAppx3Hsu+jg=="
    },
    "@types/node": {
      "version": "17.0.21",
      "resolved": "https://registry.npmjs.org/@types/node/-/node-17.0.21.tgz",
      "integrity": "sha512-DBZCJbhII3r90XbQxI8Y9IjjiiOGlZ0Hr32omXIZvwwZ7p4DMMXGrKXVyPfuoBOri9XNtL0UK69jYIBIsRX3QQ=="
    },
    "i32": {
      "version": "1.0.4",
      "resolved": "https://registry.npmjs.org/i32/-/i32-1.0.4.tgz",
      "integrity": "sha512-sSAnsruCf9h6yd6q5OCwSp9bLkKgbcY3tl40ZC3NXhol/T9GnYRpHePloiBBrXTDPx1cA0Yd7XPGIXIvxKTABw==",
      "requires": {
        "@softwareventures/array": "^0.31.0 || ^0.33.0 || ^2.0.0 || ^3.0.0 || ^4.0.0 || ^5.0.0",
        "@types/imul": "^1.0.0",
        "imul": "^1.0.1",
        "tslib": "2.3.1"
      }
    },
    "imul": {
      "version": "1.0.1",
      "resolved": "https://registry.npmjs.org/imul/-/imul-1.0.1.tgz",
      "integrity": "sha1-nVhnFh6LPelsLDjV3HyxAvNeKsk="
    },
    "tslib": {
      "version": "2.3.1",
      "resolved": "https://registry.npmjs.org/tslib/-/tslib-2.3.1.tgz",
      "integrity": "sha512-77EbyPPpMz+FRFRuAFlWMtmgUWGe9UOG2Z25NqCwiIjRhOf5iKGuzSe5P2w1laq+FkRy4p+PCuVkJSGkzTEKVw=="
    }
  }
}
