{
  "name": "tic-tac-toe",
  "version": "1.0.0",
  "lockfileVersion": 2,
  "requires": true,
  "packages": {
    "": {
      "name": "tic-tac-toe",
      "version": "1.0.0",
      "license": "ISC",
      "devDependencies": {
        "@types/node": "^17.0.17",
        "exec-sh": "^0.4.0",
        "prompt-sync": "^4.1.6"
      }
    },
    "node_modules/@types/node": {
      "version": "17.0.17",
      "resolved": "https://registry.npmjs.org/@types/node/-/node-17.0.17.tgz",
      "integrity": "sha512-e8PUNQy1HgJGV3iU/Bp2+D/DXh3PYeyli8LgIwsQcs1Ar1LoaWHSIT6Rw+H2rNJmiq6SNWiDytfx8+gYj7wDHw==",
      "dev": true
    },
    "node_modules/exec-sh": {
      "version": "0.4.0",
      "resolved": "https://registry.npmjs.org/exec-sh/-/exec-sh-0.4.0.tgz",
      "integrity": "sha512-BgAFra+J+hK/wquyWchMiqgaxSv1ec2c+//DRSePlF3NLx/tBOmkIkJEc1hWrX4Yis3tzxgv1+FiFs/mmucs/g==",
      "dev": true
    },
    "node_modules/prompt-sync": {
      "version": "4.1.6",
      "resolved": "https://registry.npmjs.org/prompt-sync/-/prompt-sync-4.1.6.tgz",
      "integrity": "sha512-dYjDha0af2vefm6soqnPnFEz2tAzwH/kb+pPoaCohRoPUxFXj+mymkOFgxX7Ylv59TdEr7OzktEizdK7MIMvIw==",
      "dev": true
    }
  },
  "dependencies": {
    "@types/node": {
      "version": "17.0.17",
      "resolved": "https://registry.npmjs.org/@types/node/-/node-17.0.17.tgz",
      "integrity": "sha512-e8PUNQy1HgJGV3iU/Bp2+D/DXh3PYeyli8LgIwsQcs1Ar1LoaWHSIT6Rw+H2rNJmiq6SNWiDytfx8+gYj7wDHw==",
      "dev": true
    },
    "exec-sh": {
      "version": "0.4.0",
      "resolved": "https://registry.npmjs.org/exec-sh/-/exec-sh-0.4.0.tgz",
      "integrity": "sha512-BgAFra+J+hK/wquyWchMiqgaxSv1ec2c+//DRSePlF3NLx/tBOmkIkJEc1hWrX4Yis3tzxgv1+FiFs/mmucs/g==",
      "dev": true
    },
    "prompt-sync": {
      "version": "4.1.6",
      "resolved": "https://registry.npmjs.org/prompt-sync/-/prompt-sync-4.1.6.tgz",
      "integrity": "sha512-dYjDha0af2vefm6soqnPnFEz2tAzwH/kb+pPoaCohRoPUxFXj+mymkOFgxX7Ylv59TdEr7OzktEizdK7MIMvIw==",
      "dev": true
    }
  }
}
